lockfileVersion: 5.4

specifiers:
  prettier: ^2.8.4
  typescript: ^4.9.5

dependencies:
  prettier: 2.8.4
  typescript: 4.9.5

packages:

  /prettier/2.8.4:
    resolution: {integrity: sha1-NN0llWKb+7edNErEqR/5SGlEY8M=, tarball: https://pkgs.d.xiaomi.net:443/artifactory/api/npm/mi-npm/prettier/-/prettier-2.8.4.tgz}
    engines: {node: '>=10.13.0'}
    hasBin: true
    dev: false

  /typescript/4.9.5:
    resolution: {integrity: sha1-CVl5+bzA0J2jJNWNA86Pg3TL5lo=}
    engines: {node: '>=4.2.0'}
    hasBin: true
    dev: false
